{
  "nodes": {
    "nixpkgs": {
      "locked": {
        "lastModified": 1784826139,
        "narHash": "sha256-e0BAwQKg2NEyvRm+onITDKXV4Bdda85IlxEBHhWfmW4=",
        "owner": "NixOS",
        "repo": "nixpkgs",
        "rev": "b6ad4550391dca061b3485437284d8b3a4ae6a25",
        "type": "github"
      },
      "original": {
        "owner": "NixOS",
        "ref": "release-26.05",
        "repo": "nixpkgs",
        "type": "github"
      }
    },
    "root": {
      "inputs": {
        "nixpkgs": "nixpkgs"
      }
    }
  },
  "root": "root",
  "version": 7
}
